
Microsoft Visual Studio Solution File, Format Version 12.00
# Visual Studio Version 16
VisualStudioVersion = 16.0.32510.428
MinimumVisualStudioVersion = 10.0.40219.1
Project("{FAE04EC0-301F-11D3-BF4B-00C04F79EFBC}") = "OnlineFoodProject.API", "OnlineFoodProject.API\OnlineFoodProject.API.csproj", "{C3D010EC-6300-4E3F-91E6-90C0A01535CE}"
EndProject
Global
	GlobalSection(SolutionConfigurationPlatforms) = preSolution
		Debug|Any CPU = Debug|Any CPU
		Release|Any CPU = Release|Any CPU
	EndGlobalSection
	GlobalSection(ProjectConfigurationPlatforms) = postSolution
		{C3D010EC-6300-4E3F-91E6-90C0A01535CE}.Debug|Any CPU.ActiveCfg = Debug|Any CPU
		{C3D010EC-6300-4E3F-91E6-90C0A01535CE}.Debug|Any CPU.Build.0 = Debug|Any CPU
		{C3D010EC-6300-4E3F-91E6-90C0A01535CE}.Release|Any CPU.ActiveCfg = Release|Any CPU
		{C3D010EC-6300-4E3F-91E6-90C0A01535CE}.Release|Any CPU.Build.0 = Release|Any CPU
	EndGlobalSection
	GlobalSection(SolutionProperties) = preSolution
		HideSolutionNode = FALSE
	EndGlobalSection
	GlobalSection(ExtensibilityGlobals) = postSolution
		SolutionGuid = {C16B4CB5-D703-4287-A4AD-105C518954D8}
	EndGlobalSection
EndGlobal
